
Microsoft Visual Studio Solution File, Format Version 12.00
# Visual Studio Version 17
VisualStudioVersion = 17.7.34009.444
MinimumVisualStudioVersion = 10.0.40219.1
Project("{FAE04EC0-301F-11D3-BF4B-00C04F79EFBC}") = "ShotTracker_Migrated", "ShotTracker_Migrated\ShotTracker_Migrated.csproj", "{B2F03E9C-2F5B-4623-AD5F-07AB48C92641}"
EndProject
Global
	GlobalSection(SolutionConfigurationPlatforms) = preSolution
		Debug|Any CPU = Debug|Any CPU
		Release|Any CPU = Release|Any CPU
	EndGlobalSection
	GlobalSection(ProjectConfigurationPlatforms) = postSolution
		{B2F03E9C-2F5B-4623-AD5F-07AB48C92641}.Debug|Any CPU.ActiveCfg = Debug|Any CPU
		{B2F03E9C-2F5B-4623-AD5F-07AB48C92641}.Debug|Any CPU.Build.0 = Debug|Any CPU
		{B2F03E9C-2F5B-4623-AD5F-07AB48C92641}.Debug|Any CPU.Deploy.0 = Debug|Any CPU
		{B2F03E9C-2F5B-4623-AD5F-07AB48C92641}.Release|Any CPU.ActiveCfg = Release|Any CPU
		{B2F03E9C-2F5B-4623-AD5F-07AB48C92641}.Release|Any CPU.Build.0 = Release|Any CPU
		{B2F03E9C-2F5B-4623-AD5F-07AB48C92641}.Release|Any CPU.Deploy.0 = Release|Any CPU
	EndGlobalSection
	GlobalSection(SolutionProperties) = preSolution
		HideSolutionNode = FALSE
	EndGlobalSection
	GlobalSection(ExtensibilityGlobals) = postSolution
		SolutionGuid = {F682A5FF-362E-42A2-9AC7-C0DD1559E51C}
	EndGlobalSection
EndGlobal
